
Microsoft Visual Studio Solution File, Format Version 12.00
# Visual Studio Version 17
VisualStudioVersion = 17.5.002.0
MinimumVisualStudioVersion = 10.0.40219.1
Project("{9A19103F-16F7-4668-BE54-9A1E7A4F7556}") = "ParkingSystem", "ParkingSystem\ParkingSystem.csproj", "{6DCFAA1A-6543-482C-B4B7-6620C04E26BA}"
EndProject
Global
	GlobalSection(SolutionConfigurationPlatforms) = preSolution
		Debug|Any CPU = Debug|Any CPU
		Release|Any CPU = Release|Any CPU
	EndGlobalSection
	GlobalSection(ProjectConfigurationPlatforms) = postSolution
		{6DCFAA1A-6543-482C-B4B7-6620C04E26BA}.Debug|Any CPU.ActiveCfg = Debug|Any CPU
		{6DCFAA1A-6543-482C-B4B7-6620C04E26BA}.Debug|Any CPU.Build.0 = Debug|Any CPU
		{6DCFAA1A-6543-482C-B4B7-6620C04E26BA}.Release|Any CPU.ActiveCfg = Release|Any CPU
		{6DCFAA1A-6543-482C-B4B7-6620C04E26BA}.Release|Any CPU.Build.0 = Release|Any CPU
	EndGlobalSection
	GlobalSection(SolutionProperties) = preSolution
		HideSolutionNode = FALSE
	EndGlobalSection
	GlobalSection(ExtensibilityGlobals) = postSolution
		SolutionGuid = {BB2637A7-3BC8-4226-BA40-009F74D1FFBA}
	EndGlobalSection
EndGlobal
